{
  "originHash" : "42c0f6a0a5ec620f4072894228a051e136941406cdb38f343edfbd2fa668ae2b",
  "pins" : [
    {
      "identity" : "dao",
      "kind" : "remoteSourceControl",
      "location" : "https://github.com/Incetro/DAO.git",
      "state" : {
        "revision" : "8bb659084c109cedc35a66b5388e2f1f53776fc2",
        "version" : "3.0.2"
      }
    },
    {
      "identity" : "monreau",
      "kind" : "remoteSourceControl",
      "location" : "https://github.com/Incetro/Monreau.git",
      "state" : {
        "revision" : "acb63f1c10131cfcc32b49998b3b21596d32160b",
        "version" : "3.0.0"
      }
    },
    {
      "identity" : "realm-core",
      "kind" : "remoteSourceControl",
      "location" : "https://github.com/realm/realm-core.git",
      "state" : {
        "revision" : "cccb3ca9e26ec452a29f2f0d4050d1e38b8a3d43",
        "version" : "14.14.0"
      }
    },
    {
      "identity" : "realm-swift",
      "kind" : "remoteSourceControl",
      "location" : "https://github.com/realm/realm-swift.git",
      "state" : {
        "revision" : "54eebd2b5e7a4a8055a7a8b55ac859a48462d722",
        "version" : "10.54.5"
      }
    },
    {
      "identity" : "swift-syntax",
      "kind" : "remoteSourceControl",
      "location" : "https://github.com/swiftlang/swift-syntax.git",
      "state" : {
        "revision" : "64889f0c732f210a935a0ad7cda38f77f876262d",
        "version" : "509.1.1"
      }
    }
  ],
  "version" : 3
}
