{
  "originHash" : "9df6262e920e44e0090d6cbe75b2f01329b019b132e289a8864982f8cff6d623",
  "pins" : [
    {
      "identity" : "dao",
      "kind" : "remoteSourceControl",
      "location" : "https://github.com/Incetro/DAO.git",
      "state" : {
        "branch" : "master",
        "revision" : "635dcd414858a32fb8a27ff9ae2ec85dc75277ea"
      }
    },
    {
      "identity" : "monreau",
      "kind" : "remoteSourceControl",
      "location" : "https://github.com/Incetro/Monreau.git",
      "state" : {
        "branch" : "master",
        "revision" : "4bfd942f1c7e1d1eb703c896383acb662a42d425"
      }
    },
    {
      "identity" : "realm-core",
      "kind" : "remoteSourceControl",
      "location" : "https://github.com/realm/realm-core.git",
      "state" : {
        "revision" : "85eeca41654cc9070ad81a21a4b1d153ad467c33",
        "version" : "14.13.1"
      }
    },
    {
      "identity" : "realm-swift",
      "kind" : "remoteSourceControl",
      "location" : "https://github.com/realm/realm-swift.git",
      "state" : {
        "revision" : "a3abcdf95a3176f5ad990239920aad4ef86e00de",
        "version" : "10.54.2"
      }
    },
    {
      "identity" : "swift-syntax",
      "kind" : "remoteSourceControl",
      "location" : "https://github.com/apple/swift-syntax.git",
      "state" : {
        "revision" : "64889f0c732f210a935a0ad7cda38f77f876262d",
        "version" : "509.1.1"
      }
    }
  ],
  "version" : 3
}
